
Microsoft Visual Studio Solution File, Format Version 12.00
# Visual Studio Version 16
VisualStudioVersion = 16.0.30002.166
MinimumVisualStudioVersion = 10.0.40219.1
Project("{FAE04EC0-301F-11D3-BF4B-00C04F79EFBC}") = "StockExchangeData", "StockExchangeData\StockExchangeData.csproj", "{4A28C839-1D28-4BB6-9453-E5BDB9A4DB92}"
EndProject
Global
	GlobalSection(SolutionConfigurationPlatforms) = preSolution
		Debug|Any CPU = Debug|Any CPU
		Release|Any CPU = Release|Any CPU
	EndGlobalSection
	GlobalSection(ProjectConfigurationPlatforms) = postSolution
		{4A28C839-1D28-4BB6-9453-E5BDB9A4DB92}.Debug|Any CPU.ActiveCfg = Debug|Any CPU
		{4A28C839-1D28-4BB6-9453-E5BDB9A4DB92}.Debug|Any CPU.Build.0 = Debug|Any CPU
		{4A28C839-1D28-4BB6-9453-E5BDB9A4DB92}.Release|Any CPU.ActiveCfg = Release|Any CPU
		{4A28C839-1D28-4BB6-9453-E5BDB9A4DB92}.Release|Any CPU.Build.0 = Release|Any CPU
	EndGlobalSection
	GlobalSection(SolutionProperties) = preSolution
		HideSolutionNode = FALSE
	EndGlobalSection
	GlobalSection(ExtensibilityGlobals) = postSolution
		SolutionGuid = {F2831B3B-043A-4F43-A7FA-1EFD53E83C5C}
	EndGlobalSection
EndGlobal
